// !$*UTF8*$!
{
	archiveVersion = 1;
	classes = {
	};
	objectVersion = 55;
	objects = {

/* Begin PBXBuildFile section */
		705FA14C29C35920001F5A7E /* AppDelegate.swift in Sources */ = {isa = PBXBuildFile; fileRef = 705FA14B29C35920001F5A7E /* AppDelegate.swift */; };
		705FA14E29C35920001F5A7E /* SceneDelegate.swift in Sources */ = {isa = PBXBuildFile; fileRef = 705FA14D29C35920001F5A7E /* SceneDelegate.swift */; };
		705FA15029C35920001F5A7E /* ViewController.swift in Sources */ = {isa = PBXBuildFile; fileRef = 705FA14F29C35920001F5A7E /* ViewController.swift */; };
		705FA15329C35920001F5A7E /* Main.storyboard in Resources */ = {isa = PBXBuildFile; fileRef = 705FA15129C35920001F5A7E /* Main.storyboard */; };
		705FA15529C35921001F5A7E /* Assets.xcassets in Resources */ = {isa = PBXBuildFile; fileRef = 705FA15429C35921001F5A7E /* Assets.xcassets */; };
		705FA15829C35921001F5A7E /* LaunchScreen.storyboard in Resources */ = {isa = PBXBuildFile; fileRef = 705FA15629C35921001F5A7E /* LaunchScreen.storyboard */; };
		E73E4C4B29C3660E0074049D /* HomePageViewController.swift in Sources */ = {isa = PBXBuildFile; fileRef = E73E4C4A29C3660E0074049D /* HomePageViewController.swift */; };
		E73E4C4D29C3665D0074049D /* AddYourNewGoalViewController.swift in Sources */ = {isa = PBXBuildFile; fileRef = E73E4C4C29C3665D0074049D /* AddYourNewGoalViewController.swift */; };
		E73E4C5029C3670E0074049D /* GoalsViewController.swift in Sources */ = {isa = PBXBuildFile; fileRef = E73E4C4F29C3670E0074049D /* GoalsViewController.swift */; };
		E73E4C5229C3671F0074049D /* FitnessRoutinesViewController.swift in Sources */ = {isa = PBXBuildFile; fileRef = E73E4C5129C3671F0074049D /* FitnessRoutinesViewController.swift */; };
		E73E4C5429C3672A0074049D /* FoodViewController.swift in Sources */ = {isa = PBXBuildFile; fileRef = E73E4C5329C3672A0074049D /* FoodViewController.swift */; };
		E73E4C5629C3673F0074049D /* CalenderViewController.swift in Sources */ = {isa = PBXBuildFile; fileRef = E73E4C5529C3673F0074049D /* CalenderViewController.swift */; };
		E73E4C5829C3674D0074049D /* SettingsViewController.swift in Sources */ = {isa = PBXBuildFile; fileRef = E73E4C5729C3674D0074049D /* SettingsViewController.swift */; };
/* End PBXBuildFile section */

/* Begin PBXFileReference section */
		705FA14829C35920001F5A7E /* IOS-Project.app */ = {isa = PBXFileReference; explicitFileType = wrapper.application; includeInIndex = 0; path = "IOS-Project.app"; sourceTree = BUILT_PRODUCTS_DIR; };
		705FA14B29C35920001F5A7E /* AppDelegate.swift */ = {isa = PBXFileReference; lastKnownFileType = sourcecode.swift; path = AppDelegate.swift; sourceTree = "<group>"; };
		705FA14D29C35920001F5A7E /* SceneDelegate.swift */ = {isa = PBXFileReference; lastKnownFileType = sourcecode.swift; path = SceneDelegate.swift; sourceTree = "<group>"; };
		705FA14F29C35920001F5A7E /* ViewController.swift */ = {isa = PBXFileReference; lastKnownFileType = sourcecode.swift; path = ViewController.swift; sourceTree = "<group>"; };
		705FA15229C35920001F5A7E /* Base */ = {isa = PBXFileReference; lastKnownFileType = file.storyboard; name = Base; path = Base.lproj/Main.storyboard; sourceTree = "<group>"; };
		705FA15429C35921001F5A7E /* Assets.xcassets */ = {isa = PBXFileReference; lastKnownFileType = folder.assetcatalog; path = Assets.xcassets; sourceTree = "<group>"; };
		705FA15729C35921001F5A7E /* Base */ = {isa = PBXFileReference; lastKnownFileType = file.storyboard; name = Base; path = Base.lproj/LaunchScreen.storyboard; sourceTree = "<group>"; };
		705FA15929C35921001F5A7E /* Info.plist */ = {isa = PBXFileReference; lastKnownFileType = text.plist.xml; path = Info.plist; sourceTree = "<group>"; };
		E73E4C4A29C3660E0074049D /* HomePageViewController.swift */ = {isa = PBXFileReference; lastKnownFileType = sourcecode.swift; path = HomePageViewController.swift; sourceTree = "<group>"; };
		E73E4C4C29C3665D0074049D /* AddYourNewGoalViewController.swift */ = {isa = PBXFileReference; lastKnownFileType = sourcecode.swift; path = AddYourNewGoalViewController.swift; sourceTree = "<group>"; };
		E73E4C4F29C3670E0074049D /* GoalsViewController.swift */ = {isa = PBXFileReference; lastKnownFileType = sourcecode.swift; path = GoalsViewController.swift; sourceTree = "<group>"; };
		E73E4C5129C3671F0074049D /* FitnessRoutinesViewController.swift */ = {isa = PBXFileReference; lastKnownFileType = sourcecode.swift; path = FitnessRoutinesViewController.swift; sourceTree = "<group>"; };
		E73E4C5329C3672A0074049D /* FoodViewController.swift */ = {isa = PBXFileReference; lastKnownFileType = sourcecode.swift; path = FoodViewController.swift; sourceTree = "<group>"; };
		E73E4C5529C3673F0074049D /* CalenderViewController.swift */ = {isa = PBXFileReference; lastKnownFileType = sourcecode.swift; path = CalenderViewController.swift; sourceTree = "<group>"; };
		E73E4C5729C3674D0074049D /* SettingsViewController.swift */ = {isa = PBXFileReference; lastKnownFileType = sourcecode.swift; path = SettingsViewController.swift; sourceTree = "<group>"; };
/* End PBXFileReference section */

/* Begin PBXFrameworksBuildPhase section */
		705FA14529C35920001F5A7E /* Frameworks */ = {
			isa = PBXFrameworksBuildPhase;
			buildActionMask = 2147483647;
			files = (
			);
			runOnlyForDeploymentPostprocessing = 0;
		};
/* End PBXFrameworksBuildPhase section */

/* Begin PBXGroup section */
		705FA13F29C35920001F5A7E = {
			isa = PBXGroup;
			children = (
				705FA14A29C35920001F5A7E /* IOS-Project */,
				705FA14929C35920001F5A7E /* Products */,
			);
			sourceTree = "<group>";
		};
		705FA14929C35920001F5A7E /* Products */ = {
			isa = PBXGroup;
			children = (
				705FA14829C35920001F5A7E /* IOS-Project.app */,
			);
			name = Products;
			sourceTree = "<group>";
		};
		705FA14A29C35920001F5A7E /* IOS-Project */ = {
			isa = PBXGroup;
			children = (
				E73E4C4E29C366810074049D /* ViewControllers */,
				705FA14B29C35920001F5A7E /* AppDelegate.swift */,
				705FA14D29C35920001F5A7E /* SceneDelegate.swift */,
				705FA15129C35920001F5A7E /* Main.storyboard */,
				705FA15429C35921001F5A7E /* Assets.xcassets */,
				705FA15629C35921001F5A7E /* LaunchScreen.storyboard */,
				705FA15929C35921001F5A7E /* Info.plist */,
			);
			path = "IOS-Project";
			sourceTree = "<group>";
		};
		E73E4C4E29C366810074049D /* ViewControllers */ = {
			isa = PBXGroup;
			children = (
				705FA14F29C35920001F5A7E /* ViewController.swift */,
				E73E4C4A29C3660E0074049D /* HomePageViewController.swift */,
				E73E4C4C29C3665D0074049D /* AddYourNewGoalViewController.swift */,
				E73E4C4F29C3670E0074049D /* GoalsViewController.swift */,
				E73E4C5129C3671F0074049D /* FitnessRoutinesViewController.swift */,
				E73E4C5329C3672A0074049D /* FoodViewController.swift */,
				E73E4C5529C3673F0074049D /* CalenderViewController.swift */,
				E73E4C5729C3674D0074049D /* SettingsViewController.swift */,
			);
			path = ViewControllers;
			sourceTree = "<group>";
		};
/* End PBXGroup section */

/* Begin PBXNativeTarget section */
		705FA14729C35920001F5A7E /* IOS-Project */ = {
			isa = PBXNativeTarget;
			buildConfigurationList = 705FA15C29C35921001F5A7E /* Build configuration list for PBXNativeTarget "IOS-Project" */;
			buildPhases = (
				705FA14429C35920001F5A7E /* Sources */,
				705FA14529C35920001F5A7E /* Frameworks */,
				705FA14629C35920001F5A7E /* Resources */,
			);
			buildRules = (
			);
			dependencies = (
			);
			name = "IOS-Project";
			productName = "IOS-Project";
			productReference = 705FA14829C35920001F5A7E /* IOS-Project.app */;
			productType = "com.apple.product-type.application";
		};
/* End PBXNativeTarget section */

/* Begin PBXProject section */
		705FA14029C35920001F5A7E /* Project object */ = {
			isa = PBXProject;
			attributes = {
				BuildIndependentTargetsInParallel = 1;
				LastSwiftUpdateCheck = 1320;
				LastUpgradeCheck = 1320;
				TargetAttributes = {
					705FA14729C35920001F5A7E = {
						CreatedOnToolsVersion = 13.2.1;
					};
				};
			};
			buildConfigurationList = 705FA14329C35920001F5A7E /* Build configuration list for PBXProject "IOS-Project" */;
			compatibilityVersion = "Xcode 13.0";
			developmentRegion = en;
			hasScannedForEncodings = 0;
			knownRegions = (
				en,
				Base,
			);
			mainGroup = 705FA13F29C35920001F5A7E;
			productRefGroup = 705FA14929C35920001F5A7E /* Products */;
			projectDirPath = "";
			projectRoot = "";
			targets = (
				705FA14729C35920001F5A7E /* IOS-Project */,
			);
		};
/* End PBXProject section */

/* Begin PBXResourcesBuildPhase section */
		705FA14629C35920001F5A7E /* Resources */ = {
			isa = PBXResourcesBuildPhase;
			buildActionMask = 2147483647;
			files = (
				705FA15829C35921001F5A7E /* LaunchScreen.storyboard in Resources */,
				705FA15529C35921001F5A7E /* Assets.xcassets in Resources */,
				705FA15329C35920001F5A7E /* Main.storyboard in Resources */,
			);
			runOnlyForDeploymentPostprocessing = 0;
		};
/* End PBXResourcesBuildPhase section */

/* Begin PBXSourcesBuildPhase section */
		705FA14429C35920001F5A7E /* Sources */ = {
			isa = PBXSourcesBuildPhase;
			buildActionMask = 2147483647;
			files = (
				E73E4C5629C3673F0074049D /* CalenderViewController.swift in Sources */,
				E73E4C5029C3670E0074049D /* GoalsViewController.swift in Sources */,
				E73E4C5829C3674D0074049D /* SettingsViewController.swift in Sources */,
				705FA15029C35920001F5A7E /* ViewController.swift in Sources */,
				E73E4C5229C3671F0074049D /* FitnessRoutinesViewController.swift in Sources */,
				E73E4C5429C3672A0074049D /* FoodViewController.swift in Sources */,
				705FA14C29C35920001F5A7E /* AppDelegate.swift in Sources */,
				E73E4C4B29C3660E0074049D /* HomePageViewController.swift in Sources */,
				705FA14E29C35920001F5A7E /* SceneDelegate.swift in Sources */,
				E73E4C4D29C3665D0074049D /* AddYourNewGoalViewController.swift in Sources */,
			);
			runOnlyForDeploymentPostprocessing = 0;
		};
/* End PBXSourcesBuildPhase section */

/* Begin PBXVariantGroup section */
		705FA15129C35920001F5A7E /* Main.storyboard */ = {
			isa = PBXVariantGroup;
			children = (
				705FA15229C35920001F5A7E /* Base */,
			);
			name = Main.storyboard;
			sourceTree = "<group>";
		};
		705FA15629C35921001F5A7E /* LaunchScreen.storyboard */ = {
			isa = PBXVariantGroup;
			children = (
				705FA15729C35921001F5A7E /* Base */,
			);
			name = LaunchScreen.storyboard;
			sourceTree = "<group>";
		};
/* End PBXVariantGroup section */

/* Begin XCBuildConfiguration section */
		705FA15A29C35921001F5A7E /* Debug */ = {
			isa = XCBuildConfiguration;
			buildSettings = {
				ALWAYS_SEARCH_USER_PATHS = NO;
				CLANG_ANALYZER_NONNULL = YES;
				CLANG_ANALYZER_NUMBER_OBJECT_CONVERSION = YES_AGGRESSIVE;
				CLANG_CXX_LANGUAGE_STANDARD = "gnu++17";
				CLANG_CXX_LIBRARY = "libc++";
				CLANG_ENABLE_MODULES = YES;
				CLANG_ENABLE_OBJC_ARC = YES;
				CLANG_ENABLE_OBJC_WEAK = YES;
				CLANG_WARN_BLOCK_CAPTURE_AUTORELEASING = YES;
				CLANG_WARN_BOOL_CONVERSION = YES;
				CLANG_WARN_COMMA = YES;
				CLANG_WARN_CONSTANT_CONVERSION = YES;
				CLANG_WARN_DEPRECATED_OBJC_IMPLEMENTATIONS = YES;
				CLANG_WARN_DIRECT_OBJC_ISA_USAGE = YES_ERROR;
				CLANG_WARN_DOCUMENTATION_COMMENTS = YES;
				CLANG_WARN_EMPTY_BODY = YES;
				CLANG_WARN_ENUM_CONVERSION = YES;
				CLANG_WARN_INFINITE_RECURSION = YES;
				CLANG_WARN_INT_CONVERSION = YES;
				CLANG_WARN_NON_LITERAL_NULL_CONVERSION = YES;
				CLANG_WARN_OBJC_IMPLICIT_RETAIN_SELF = YES;
				CLANG_WARN_OBJC_LITERAL_CONVERSION = YES;
				CLANG_WARN_OBJC_ROOT_CLASS = YES_ERROR;
				CLANG_WARN_QUOTED_INCLUDE_IN_FRAMEWORK_HEADER = YES;
				CLANG_WARN_RANGE_LOOP_ANALYSIS = YES;
				CLANG_WARN_STRICT_PROTOTYPES = YES;
				CLANG_WARN_SUSPICIOUS_MOVE = YES;
				CLANG_WARN_UNGUARDED_AVAILABILITY = YES_AGGRESSIVE;
				CLANG_WARN_UNREACHABLE_CODE = YES;
				CLANG_WARN__DUPLICATE_METHOD_MATCH = YES;
				COPY_PHASE_STRIP = NO;
				DEBUG_INFORMATION_FORMAT = dwarf;
				ENABLE_STRICT_OBJC_MSGSEND = YES;
				ENABLE_TESTABILITY = YES;
				GCC_C_LANGUAGE_STANDARD = gnu11;
				GCC_DYNAMIC_NO_PIC = NO;
				GCC_NO_COMMON_BLOCKS = YES;
				GCC_OPTIMIZATION_LEVEL = 0;
				GCC_PREPROCESSOR_DEFINITIONS = (
					"DEBUG=1",
					"$(inherited)",
				);
				GCC_WARN_64_TO_32_BIT_CONVERSION = YES;
				GCC_WARN_ABOUT_RETURN_TYPE = YES_ERROR;
				GCC_WARN_UNDECLARED_SELECTOR = YES;
				GCC_WARN_UNINITIALIZED_AUTOS = YES_AGGRESSIVE;
				GCC_WARN_UNUSED_FUNCTION = YES;
				GCC_WARN_UNUSED_VARIABLE = YES;
				IPHONEOS_DEPLOYMENT_TARGET = 15.2;
				MTL_ENABLE_DEBUG_INFO = INCLUDE_SOURCE;
				MTL_FAST_MATH = YES;
				ONLY_ACTIVE_ARCH = YES;
				SDKROOT = iphoneos;
				SWIFT_ACTIVE_COMPILATION_CONDITIONS = DEBUG;
				SWIFT_OPTIMIZATION_LEVEL = "-Onone";
			};
			name = Debug;
		};
		705FA15B29C35921001F5A7E /* Release */ = {
			isa = XCBuildConfiguration;
			buildSettings = {
				ALWAYS_SEARCH_USER_PATHS = NO;
				CLANG_ANALYZER_NONNULL = YES;
				CLANG_ANALYZER_NUMBER_OBJECT_CONVERSION = YES_AGGRESSIVE;
				CLANG_CXX_LANGUAGE_STANDARD = "gnu++17";
				CLANG_CXX_LIBRARY = "libc++";
				CLANG_ENABLE_MODULES = YES;
				CLANG_ENABLE_OBJC_ARC = YES;
				CLANG_ENABLE_OBJC_WEAK = YES;
				CLANG_WARN_BLOCK_CAPTURE_AUTORELEASING = YES;
				CLANG_WARN_BOOL_CONVERSION = YES;
				CLANG_WARN_COMMA = YES;
				CLANG_WARN_CONSTANT_CONVERSION = YES;
				CLANG_WARN_DEPRECATED_OBJC_IMPLEMENTATIONS = YES;
				CLANG_WARN_DIRECT_OBJC_ISA_USAGE = YES_ERROR;
				CLANG_WARN_DOCUMENTATION_COMMENTS = YES;
				CLANG_WARN_EMPTY_BODY = YES;
				CLANG_WARN_ENUM_CONVERSION = YES;
				CLANG_WARN_INFINITE_RECURSION = YES;
				CLANG_WARN_INT_CONVERSION = YES;
				CLANG_WARN_NON_LITERAL_NULL_CONVERSION = YES;
				CLANG_WARN_OBJC_IMPLICIT_RETAIN_SELF = YES;
				CLANG_WARN_OBJC_LITERAL_CONVERSION = YES;
				CLANG_WARN_OBJC_ROOT_CLASS = YES_ERROR;
				CLANG_WARN_QUOTED_INCLUDE_IN_FRAMEWORK_HEADER = YES;
				CLANG_WARN_RANGE_LOOP_ANALYSIS = YES;
				CLANG_WARN_STRICT_PROTOTYPES = YES;
				CLANG_WARN_SUSPICIOUS_MOVE = YES;
				CLANG_WARN_UNGUARDED_AVAILABILITY = YES_AGGRESSIVE;
				CLANG_WARN_UNREACHABLE_CODE = YES;
				CLANG_WARN__DUPLICATE_METHOD_MATCH = YES;
				COPY_PHASE_STRIP = NO;
				DEBUG_INFORMATION_FORMAT = "dwarf-with-dsym";
				ENABLE_NS_ASSERTIONS = NO;
				ENABLE_STRICT_OBJC_MSGSEND = YES;
				GCC_C_LANGUAGE_STANDARD = gnu11;
				GCC_NO_COMMON_BLOCKS = YES;
				GCC_WARN_64_TO_32_BIT_CONVERSION = YES;
				GCC_WARN_ABOUT_RETURN_TYPE = YES_ERROR;
				GCC_WARN_UNDECLARED_SELECTOR = YES;
				GCC_WARN_UNINITIALIZED_AUTOS = YES_AGGRESSIVE;
				GCC_WARN_UNUSED_FUNCTION = YES;
				GCC_WARN_UNUSED_VARIABLE = YES;
				IPHONEOS_DEPLOYMENT_TARGET = 15.2;
				MTL_ENABLE_DEBUG_INFO = NO;
				MTL_FAST_MATH = YES;
				SDKROOT = iphoneos;
				SWIFT_COMPILATION_MODE = wholemodule;
				SWIFT_OPTIMIZATION_LEVEL = "-O";
				VALIDATE_PRODUCT = YES;
			};
			name = Release;
		};
		705FA15D29C35921001F5A7E /* Debug */ = {
			isa = XCBuildConfiguration;
			buildSettings = {
				ASSETCATALOG_COMPILER_APPICON_NAME = AppIcon;
				ASSETCATALOG_COMPILER_GLOBAL_ACCENT_COLOR_NAME = AccentColor;
				CODE_SIGN_STYLE = Automatic;
				CURRENT_PROJECT_VERSION = 1;
				GENERATE_INFOPLIST_FILE = YES;
				INFOPLIST_FILE = "IOS-Project/Info.plist";
				INFOPLIST_KEY_UIApplicationSupportsIndirectInputEvents = YES;
				INFOPLIST_KEY_UILaunchStoryboardName = LaunchScreen;
				INFOPLIST_KEY_UIMainStoryboardFile = Main;
				INFOPLIST_KEY_UISupportedInterfaceOrientations_iPad = "UIInterfaceOrientationPortrait UIInterfaceOrientationPortraitUpsideDown UIInterfaceOrientationLandscapeLeft UIInterfaceOrientationLandscapeRight";
				INFOPLIST_KEY_UISupportedInterfaceOrientations_iPhone = "UIInterfaceOrientationPortrait UIInterfaceOrientationLandscapeLeft UIInterfaceOrientationLandscapeRight";
				LD_RUNPATH_SEARCH_PATHS = (
					"$(inherited)",
					"@executable_path/Frameworks",
				);
				MARKETING_VERSION = 1.0;
				PRODUCT_BUNDLE_IDENTIFIER = "MobileIOS.IOS-Project";
				PRODUCT_NAME = "$(TARGET_NAME)";
				SWIFT_EMIT_LOC_STRINGS = YES;
				SWIFT_VERSION = 5.0;
				TARGETED_DEVICE_FAMILY = "1,2";
			};
			name = Debug;
		};
		705FA15E29C35921001F5A7E /* Release */ = {
			isa = XCBuildConfiguration;
			buildSettings = {
				ASSETCATALOG_COMPILER_APPICON_NAME = AppIcon;
				ASSETCATALOG_COMPILER_GLOBAL_ACCENT_COLOR_NAME = AccentColor;
				CODE_SIGN_STYLE = Automatic;
				CURRENT_PROJECT_VERSION = 1;
				GENERATE_INFOPLIST_FILE = YES;
				INFOPLIST_FILE = "IOS-Project/Info.plist";
				INFOPLIST_KEY_UIApplicationSupportsIndirectInputEvents = YES;
				INFOPLIST_KEY_UILaunchStoryboardName = LaunchScreen;
				INFOPLIST_KEY_UIMainStoryboardFile = Main;
				INFOPLIST_KEY_UISupportedInterfaceOrientations_iPad = "UIInterfaceOrientationPortrait UIInterfaceOrientationPortraitUpsideDown UIInterfaceOrientationLandscapeLeft UIInterfaceOrientationLandscapeRight";
				INFOPLIST_KEY_UISupportedInterfaceOrientations_iPhone = "UIInterfaceOrientationPortrait UIInterfaceOrientationLandscapeLeft UIInterfaceOrientationLandscapeRight";
				LD_RUNPATH_SEARCH_PATHS = (
					"$(inherited)",
					"@executable_path/Frameworks",
				);
				MARKETING_VERSION = 1.0;
				PRODUCT_BUNDLE_IDENTIFIER = "MobileIOS.IOS-Project";
				PRODUCT_NAME = "$(TARGET_NAME)";
				SWIFT_EMIT_LOC_STRINGS = YES;
				SWIFT_VERSION = 5.0;
				TARGETED_DEVICE_FAMILY = "1,2";
			};
			name = Release;
		};
/* End XCBuildConfiguration section */

/* Begin XCConfigurationList section */
		705FA14329C35920001F5A7E /* Build configuration list for PBXProject "IOS-Project" */ = {
			isa = XCConfigurationList;
			buildConfigurations = (
				705FA15A29C35921001F5A7E /* Debug */,
				705FA15B29C35921001F5A7E /* Release */,
			);
			defaultConfigurationIsVisible = 0;
			defaultConfigurationName = Release;
		};
		705FA15C29C35921001F5A7E /* Build configuration list for PBXNativeTarget "IOS-Project" */ = {
			isa = XCConfigurationList;
			buildConfigurations = (
				705FA15D29C35921001F5A7E /* Debug */,
				705FA15E29C35921001F5A7E /* Release */,
			);
			defaultConfigurationIsVisible = 0;
			defaultConfigurationName = Release;
		};
/* End XCConfigurationList section */
	};
	rootObject = 705FA14029C35920001F5A7E /* Project object */;
}
